{
  "nodes": {
    "crane": {
      "locked": {
        "lastModified": 1766194365,
        "narHash": "sha256-4AFsUZ0kl6MXSm4BaQgItD0VGlEKR3iq7gIaL7TjBvc=",
        "owner": "ipetkov",
        "repo": "crane",
        "rev": "7d8ec2c71771937ab99790b45e6d9b93d15d9379",
        "type": "github"
      },
      "original": {
        "owner": "ipetkov",
        "repo": "crane",
        "type": "github"
      }
    },
    "flake-compat": {
      "flake": false,
      "locked": {
        "lastModified": 1767039857,
        "narHash": "sha256-vNpUSpF5Nuw8xvDLj2KCwwksIbjua2LZCqhV1LNRDns=",
        "owner": "edolstra",
        "repo": "flake-compat",
        "rev": "5edf11c44bc78a0d334f6334cdaf7d60d732daab",
        "type": "github"
      },
      "original": {
        "owner": "edolstra",
        "repo": "flake-compat",
        "type": "github"
      }
    },
    "flake-parts": {
      "inputs": {
        "nixpkgs-lib": [
          "nixpkgs"
        ]
      },
      "locked": {
        "lastModified": 1768135262,
        "narHash": "sha256-PVvu7OqHBGWN16zSi6tEmPwwHQ4rLPU9Plvs8/1TUBY=",
        "owner": "hercules-ci",
        "repo": "flake-parts",
        "rev": "80daad04eddbbf5a4d883996a73f3f542fa437ac",
        "type": "github"
      },
      "original": {
        "owner": "hercules-ci",
        "repo": "flake-parts",
        "type": "github"
      }
    },
    "flint": {
      "inputs": {
        "nixpkgs": [
          "nixpkgs"
        ]
      },
      "locked": {
        "lastModified": 1767431140,
        "narHash": "sha256-ug37Jt6r8LP3161suTh6IW+fkx0a7kiSAhAPsVcPrkA=",
        "owner": "NotAShelf",
        "repo": "flint",
        "rev": "7832a5b5f5ef1243818f8f5e357ad1ee2d35d2b7",
        "type": "github"
      },
      "original": {
        "owner": "NotAShelf",
        "repo": "flint",
        "type": "github"
      }
    },
    "gcolor": {
      "inputs": {
        "nixpkgs": [
          "nixpkgs"
        ]
      },
      "locked": {
        "lastModified": 1749637800,
        "narHash": "sha256-koUXYszSG4TO3PJuksq24KVGsRIVqyyF5ntI8r32GPc=",
        "owner": "notashelf",
        "repo": "gcolor",
        "rev": "d2ece237b413ce1b75327c49b05ffaf435709468",
        "type": "github"
      },
      "original": {
        "owner": "notashelf",
        "repo": "gcolor",
        "type": "github"
      }
    },
    "gh-notify": {
      "inputs": {
        "nixpkgs": [
          "nixpkgs"
        ]
      },
      "locked": {
        "lastModified": 1755463281,
        "narHash": "sha256-tvj6khuvSbyn0U0uhaVts7NdOxCykj8B1xeh3C121DE=",
        "owner": "notashelf",
        "repo": "gh-notify",
        "rev": "e10e2e732d00dc9ceab9b82c4f592275e5c280e8",
        "type": "github"
      },
      "original": {
        "owner": "notashelf",
        "repo": "gh-notify",
        "type": "github"
      }
    },
    "inquisitor": {
      "inputs": {
        "nixpkgs": [
          "nixpkgs"
        ]
      },
      "locked": {
        "lastModified": 1749631407,
        "narHash": "sha256-GscgJygL3szqlYMXc0Ntsr1vbT8KndIl1b7Aj2PgkFE=",
        "owner": "NotAShelf",
        "repo": "inquisitor",
        "rev": "d277e693c8b320458843918de9b9322186579842",
        "type": "github"
      },
      "original": {
        "owner": "NotAShelf",
        "repo": "inquisitor",
        "type": "github"
      }
    },
    "licenseit": {
      "inputs": {
        "nixpkgs": [
          "nixpkgs"
        ]
      },
      "locked": {
        "lastModified": 1756641619,
        "narHash": "sha256-d5mxXLoAL3O6v+23cdGcfq3eQJJ7b2PWPiBHBtARsL0=",
        "owner": "notashelf",
        "repo": "licenseit",
        "rev": "31275f90e06bf586baba74613d2e636d6cb15102",
        "type": "github"
      },
      "original": {
        "owner": "notashelf",
        "repo": "licenseit",
        "type": "github"
      }
    },
    "microfetch": {
      "inputs": {
        "nixpkgs": [
          "nixpkgs"
        ]
      },
      "locked": {
        "lastModified": 1768830134,
        "narHash": "sha256-mb9S5jPQuiWPn9t6EX8/5KMyhtEMQ6wKghL61C/umQg=",
        "owner": "notashelf",
        "repo": "microfetch",
        "rev": "d2ae1a9af76a8a5fc7b8f611c76b9242eceeead9",
        "type": "github"
      },
      "original": {
        "owner": "notashelf",
        "repo": "microfetch",
        "type": "github"
      }
    },
    "mrc": {
      "inputs": {
        "nixpkgs": [
          "nixpkgs"
        ]
      },
      "locked": {
        "lastModified": 1759480118,
        "narHash": "sha256-2KRgMilX1NuXbETWbZmGgk2i3ZGzC/D8dwh9Qr+hFJQ=",
        "owner": "notashelf",
        "repo": "mrc",
        "rev": "a3465cefd27e517e68add5700543b4b0d1402a2a",
        "type": "github"
      },
      "original": {
        "owner": "notashelf",
        "repo": "mrc",
        "type": "github"
      }
    },
    "ndg": {
      "inputs": {
        "nixpkgs": [
          "nixpkgs"
        ]
      },
      "locked": {
        "lastModified": 1769097935,
        "narHash": "sha256-mLexPIa3Kldyzm/WyE8iHOU4SfOtrnnUqviI2dNzptc=",
        "owner": "feel-co",
        "repo": "ndg",
        "rev": "1ba3fe48086b495f029c10e2c1b6451fe7c59204",
        "type": "github"
      },
      "original": {
        "owner": "feel-co",
        "repo": "ndg",
        "type": "github"
      }
    },
    "nh": {
      "inputs": {
        "nixpkgs": [
          "nixpkgs"
        ]
      },
      "locked": {
        "lastModified": 1769714568,
        "narHash": "sha256-IdaBS+aCuEAI2HoGcF5E4mGfHAwiIaUiHopqvx4gq1k=",
        "owner": "nix-community",
        "repo": "nh",
        "rev": "e0eedfbc5e655b1c03f4466ad827c44e0e4582ee",
        "type": "github"
      },
      "original": {
        "owner": "nix-community",
        "repo": "nh",
        "type": "github"
      }
    },
    "nil": {
      "inputs": {
        "nixpkgs": [
          "nixpkgs"
        ]
      },
      "locked": {
        "lastModified": 1765326831,
        "narHash": "sha256-18j8X2Nbe0Wg1+7YrWRlYzmjZ5Wq0NCVwJHJlBIw/dc=",
        "owner": "oxalica",
        "repo": "nil",
        "rev": "504599f7e555a249d6754698473124018b80d121",
        "type": "github"
      },
      "original": {
        "owner": "oxalica",
        "repo": "nil",
        "type": "github"
      }
    },
    "nixpkgs": {
      "locked": {
        "lastModified": 1769461804,
        "narHash": "sha256-msG8SU5WsBUfVVa/9RPLaymvi5bI8edTavbIq3vRlhI=",
        "owner": "NixOS",
        "repo": "nixpkgs",
        "rev": "bfc1b8a4574108ceef22f02bafcf6611380c100d",
        "type": "github"
      },
      "original": {
        "owner": "NixOS",
        "ref": "nixos-unstable",
        "repo": "nixpkgs",
        "type": "github"
      }
    },
    "root": {
      "inputs": {
        "flake-compat": "flake-compat",
        "flake-parts": "flake-parts",
        "flint": "flint",
        "gcolor": "gcolor",
        "gh-notify": "gh-notify",
        "inquisitor": "inquisitor",
        "licenseit": "licenseit",
        "microfetch": "microfetch",
        "mrc": "mrc",
        "ndg": "ndg",
        "nh": "nh",
        "nil": "nil",
        "nixpkgs": "nixpkgs",
        "slight": "slight",
        "stash": "stash",
        "tailray": "tailray",
        "tuigreet": "tuigreet",
        "watt": "watt",
        "wiremix": "wiremix"
      }
    },
    "slight": {
      "inputs": {
        "nixpkgs": [
          "nixpkgs"
        ]
      },
      "locked": {
        "lastModified": 1761369378,
        "narHash": "sha256-I+TqszFb2quYb1p5Vv19HmqUmye/gMQzBS6igmUvvpE=",
        "owner": "notashelf",
        "repo": "slight",
        "rev": "2b29d7c3a78be9086928dc24e64ab385275f968b",
        "type": "github"
      },
      "original": {
        "owner": "notashelf",
        "repo": "slight",
        "type": "github"
      }
    },
    "stash": {
      "inputs": {
        "crane": "crane",
        "nixpkgs": [
          "nixpkgs"
        ]
      },
      "locked": {
        "lastModified": 1769191841,
        "narHash": "sha256-AJBhxUMQGoIG4SlofE0SHrYgvAy7/lUGRVXFO7ViaTs=",
        "owner": "notashelf",
        "repo": "stash",
        "rev": "ded38723d4fc65f426114804ebf75cbf3b6a3386",
        "type": "github"
      },
      "original": {
        "owner": "notashelf",
        "repo": "stash",
        "type": "github"
      }
    },
    "systems": {
      "locked": {
        "lastModified": 1689347949,
        "narHash": "sha256-12tWmuL2zgBgZkdoB6qXZsgJEH9LR3oUgpaQq2RbI80=",
        "owner": "nix-systems",
        "repo": "default-linux",
        "rev": "31732fcf5e8fea42e59c2488ad31a0e651500f68",
        "type": "github"
      },
      "original": {
        "owner": "nix-systems",
        "repo": "default-linux",
        "type": "github"
      }
    },
    "tailray": {
      "inputs": {
        "nixpkgs": [
          "nixpkgs"
        ]
      },
      "locked": {
        "lastModified": 1767902700,
        "narHash": "sha256-jqYXwsnhtsw0OTYm4VErNuZQF/UDNBxmQPYHas8I7tM=",
        "owner": "notashelf",
        "repo": "tailray",
        "rev": "81cf200f0f7ad4ec8db1bc32f662faaf5d0431c2",
        "type": "github"
      },
      "original": {
        "owner": "notashelf",
        "repo": "tailray",
        "type": "github"
      }
    },
    "tuigreet": {
      "inputs": {
        "nixpkgs": [
          "nixpkgs"
        ]
      },
      "locked": {
        "lastModified": 1769070572,
        "narHash": "sha256-gVrr8DEPml/VV5aLfLZ170VS2NNnla0BqG7sJjwNWXg=",
        "owner": "notashelf",
        "repo": "tuigreet",
        "rev": "46556a7af6e9e639fd5e30d80265cf723fbb2478",
        "type": "github"
      },
      "original": {
        "owner": "notashelf",
        "repo": "tuigreet",
        "type": "github"
      }
    },
    "watt": {
      "inputs": {
        "nixpkgs": [
          "nixpkgs"
        ]
      },
      "locked": {
        "lastModified": 1769797186,
        "narHash": "sha256-qB5TQpTvMlCHZ2nBYhqJ2fbaD0prpoiN53xwr5SFKVU=",
        "owner": "NotAShelf",
        "repo": "watt",
        "rev": "7c568e88208f0b06289b8dafe7491bb2aa99eb4e",
        "type": "github"
      },
      "original": {
        "owner": "NotAShelf",
        "repo": "watt",
        "type": "github"
      }
    },
    "wiremix": {
      "inputs": {
        "nixpkgs": [
          "nixpkgs"
        ],
        "systems": "systems"
      },
      "locked": {
        "lastModified": 1769575550,
        "narHash": "sha256-gX8GgJhckfXDCJvmVCHxZTfTcKeHqpghZuUOZOUR24c=",
        "owner": "tsowell",
        "repo": "wiremix",
        "rev": "c2f3bcbcf93851ef2b8d78e15b35f4a29d31c394",
        "type": "github"
      },
      "original": {
        "owner": "tsowell",
        "repo": "wiremix",
        "type": "github"
      }
    }
  },
  "root": "root",
  "version": 7
}
