{
  "nodes": {
    "crane": {
      "locked": {
        "lastModified": 1766194365,
        "narHash": "sha256-4AFsUZ0kl6MXSm4BaQgItD0VGlEKR3iq7gIaL7TjBvc=",
        "owner": "ipetkov",
        "repo": "crane",
        "rev": "7d8ec2c71771937ab99790b45e6d9b93d15d9379",
        "type": "github"
      },
      "original": {
        "owner": "ipetkov",
        "repo": "crane",
        "type": "github"
      }
    },
    "flake-compat": {
      "flake": false,
      "locked": {
        "lastModified": 1767039857,
        "narHash": "sha256-vNpUSpF5Nuw8xvDLj2KCwwksIbjua2LZCqhV1LNRDns=",
        "owner": "edolstra",
        "repo": "flake-compat",
        "rev": "5edf11c44bc78a0d334f6334cdaf7d60d732daab",
        "type": "github"
      },
      "original": {
        "owner": "edolstra",
        "repo": "flake-compat",
        "type": "github"
      }
    },
    "flake-parts": {
      "inputs": {
        "nixpkgs-lib": [
          "nixpkgs"
        ]
      },
      "locked": {
        "lastModified": 1769996383,
        "narHash": "sha256-AnYjnFWgS49RlqX7LrC4uA+sCCDBj0Ry/WOJ5XWAsa0=",
        "owner": "hercules-ci",
        "repo": "flake-parts",
        "rev": "57928607ea566b5db3ad13af0e57e921e6b12381",
        "type": "github"
      },
      "original": {
        "owner": "hercules-ci",
        "repo": "flake-parts",
        "type": "github"
      }
    },
    "flint": {
      "inputs": {
        "nixpkgs": [
          "nixpkgs"
        ]
      },
      "locked": {
        "lastModified": 1767431140,
        "narHash": "sha256-ug37Jt6r8LP3161suTh6IW+fkx0a7kiSAhAPsVcPrkA=",
        "owner": "NotAShelf",
        "repo": "flint",
        "rev": "7832a5b5f5ef1243818f8f5e357ad1ee2d35d2b7",
        "type": "github"
      },
      "original": {
        "owner": "NotAShelf",
        "repo": "flint",
        "type": "github"
      }
    },
    "gcolor": {
      "inputs": {
        "nixpkgs": [
          "nixpkgs"
        ]
      },
      "locked": {
        "lastModified": 1749637800,
        "narHash": "sha256-koUXYszSG4TO3PJuksq24KVGsRIVqyyF5ntI8r32GPc=",
        "owner": "notashelf",
        "repo": "gcolor",
        "rev": "d2ece237b413ce1b75327c49b05ffaf435709468",
        "type": "github"
      },
      "original": {
        "owner": "notashelf",
        "repo": "gcolor",
        "type": "github"
      }
    },
    "gh-notify": {
      "inputs": {
        "nixpkgs": [
          "nixpkgs"
        ]
      },
      "locked": {
        "lastModified": 1755463281,
        "narHash": "sha256-tvj6khuvSbyn0U0uhaVts7NdOxCykj8B1xeh3C121DE=",
        "owner": "notashelf",
        "repo": "gh-notify",
        "rev": "e10e2e732d00dc9ceab9b82c4f592275e5c280e8",
        "type": "github"
      },
      "original": {
        "owner": "notashelf",
        "repo": "gh-notify",
        "type": "github"
      }
    },
    "inquisitor": {
      "inputs": {
        "nixpkgs": [
          "nixpkgs"
        ]
      },
      "locked": {
        "lastModified": 1749631407,
        "narHash": "sha256-GscgJygL3szqlYMXc0Ntsr1vbT8KndIl1b7Aj2PgkFE=",
        "owner": "NotAShelf",
        "repo": "inquisitor",
        "rev": "d277e693c8b320458843918de9b9322186579842",
        "type": "github"
      },
      "original": {
        "owner": "NotAShelf",
        "repo": "inquisitor",
        "type": "github"
      }
    },
    "licenseit": {
      "inputs": {
        "nixpkgs": [
          "nixpkgs"
        ]
      },
      "locked": {
        "lastModified": 1756641619,
        "narHash": "sha256-d5mxXLoAL3O6v+23cdGcfq3eQJJ7b2PWPiBHBtARsL0=",
        "owner": "notashelf",
        "repo": "licenseit",
        "rev": "31275f90e06bf586baba74613d2e636d6cb15102",
        "type": "github"
      },
      "original": {
        "owner": "notashelf",
        "repo": "licenseit",
        "type": "github"
      }
    },
    "microfetch": {
      "inputs": {
        "nixpkgs": [
          "nixpkgs"
        ]
      },
      "locked": {
        "lastModified": 1772195674,
        "narHash": "sha256-FFKmqsJ1y7H+z7LCUdeZg/CCWZ/6rtfguQIbR9BOb0Q=",
        "owner": "notashelf",
        "repo": "microfetch",
        "rev": "6eb30c85bf8121edcd6c61b86a5064ee4f547c6f",
        "type": "github"
      },
      "original": {
        "owner": "notashelf",
        "repo": "microfetch",
        "type": "github"
      }
    },
    "mrc": {
      "inputs": {
        "nixpkgs": [
          "nixpkgs"
        ]
      },
      "locked": {
        "lastModified": 1759480118,
        "narHash": "sha256-2KRgMilX1NuXbETWbZmGgk2i3ZGzC/D8dwh9Qr+hFJQ=",
        "owner": "notashelf",
        "repo": "mrc",
        "rev": "a3465cefd27e517e68add5700543b4b0d1402a2a",
        "type": "github"
      },
      "original": {
        "owner": "notashelf",
        "repo": "mrc",
        "type": "github"
      }
    },
    "ndg": {
      "inputs": {
        "nixpkgs": [
          "nixpkgs"
        ]
      },
      "locked": {
        "lastModified": 1772199001,
        "narHash": "sha256-sRQ1lmhnLdkF0W8pQQ/B7tnQyH2VIAB217j6PyPAppU=",
        "owner": "feel-co",
        "repo": "ndg",
        "rev": "85dd6a5aa67ca9fa96c284e32ad42df03a99a3c7",
        "type": "github"
      },
      "original": {
        "owner": "feel-co",
        "repo": "ndg",
        "type": "github"
      }
    },
    "nh": {
      "inputs": {
        "nixpkgs": [
          "nixpkgs"
        ]
      },
      "locked": {
        "lastModified": 1772291235,
        "narHash": "sha256-snob6CYkIMnJLLLb/VTHO/b3Yep493HPBcUBqvBmqYc=",
        "owner": "nix-community",
        "repo": "nh",
        "rev": "dd403573ee5ea0aa3de36e2a73ea60b86a478daf",
        "type": "github"
      },
      "original": {
        "owner": "nix-community",
        "repo": "nh",
        "type": "github"
      }
    },
    "nil": {
      "inputs": {
        "nixpkgs": [
          "nixpkgs"
        ]
      },
      "locked": {
        "lastModified": 1765326831,
        "narHash": "sha256-18j8X2Nbe0Wg1+7YrWRlYzmjZ5Wq0NCVwJHJlBIw/dc=",
        "owner": "oxalica",
        "repo": "nil",
        "rev": "504599f7e555a249d6754698473124018b80d121",
        "type": "github"
      },
      "original": {
        "owner": "oxalica",
        "repo": "nil",
        "type": "github"
      }
    },
    "nixpkgs": {
      "locked": {
        "lastModified": 1772198003,
        "narHash": "sha256-I45esRSssFtJ8p/gLHUZ1OUaaTaVLluNkABkk6arQwE=",
        "owner": "NixOS",
        "repo": "nixpkgs",
        "rev": "dd9b079222d43e1943b6ebd802f04fd959dc8e61",
        "type": "github"
      },
      "original": {
        "owner": "NixOS",
        "ref": "nixos-unstable",
        "repo": "nixpkgs",
        "type": "github"
      }
    },
    "root": {
      "inputs": {
        "flake-compat": "flake-compat",
        "flake-parts": "flake-parts",
        "flint": "flint",
        "gcolor": "gcolor",
        "gh-notify": "gh-notify",
        "inquisitor": "inquisitor",
        "licenseit": "licenseit",
        "microfetch": "microfetch",
        "mrc": "mrc",
        "ndg": "ndg",
        "nh": "nh",
        "nil": "nil",
        "nixpkgs": "nixpkgs",
        "slight": "slight",
        "stash": "stash",
        "tailray": "tailray",
        "tuigreet": "tuigreet",
        "watt": "watt",
        "wiremix": "wiremix"
      }
    },
    "slight": {
      "inputs": {
        "nixpkgs": [
          "nixpkgs"
        ]
      },
      "locked": {
        "lastModified": 1761369378,
        "narHash": "sha256-I+TqszFb2quYb1p5Vv19HmqUmye/gMQzBS6igmUvvpE=",
        "owner": "notashelf",
        "repo": "slight",
        "rev": "2b29d7c3a78be9086928dc24e64ab385275f968b",
        "type": "github"
      },
      "original": {
        "owner": "notashelf",
        "repo": "slight",
        "type": "github"
      }
    },
    "stash": {
      "inputs": {
        "crane": "crane",
        "nixpkgs": [
          "nixpkgs"
        ]
      },
      "locked": {
        "lastModified": 1772183710,
        "narHash": "sha256-ojaPFnfWFRUi4Nc69T+ObdZ3Bxf62T3bv49qqV+wgHw=",
        "owner": "notashelf",
        "repo": "stash",
        "rev": "181edcefb1fb38bbd1ca306e91ba493bcf4014d9",
        "type": "github"
      },
      "original": {
        "owner": "notashelf",
        "repo": "stash",
        "type": "github"
      }
    },
    "systems": {
      "locked": {
        "lastModified": 1689347949,
        "narHash": "sha256-12tWmuL2zgBgZkdoB6qXZsgJEH9LR3oUgpaQq2RbI80=",
        "owner": "nix-systems",
        "repo": "default-linux",
        "rev": "31732fcf5e8fea42e59c2488ad31a0e651500f68",
        "type": "github"
      },
      "original": {
        "owner": "nix-systems",
        "repo": "default-linux",
        "type": "github"
      }
    },
    "tailray": {
      "inputs": {
        "nixpkgs": [
          "nixpkgs"
        ]
      },
      "locked": {
        "lastModified": 1770509443,
        "narHash": "sha256-b+fXe0dQRdARf2zoOeBAkEOnHQ6twcASH7+0QFOxJFw=",
        "owner": "notashelf",
        "repo": "tailray",
        "rev": "06bd3653a08e60883b36937ca4f43daac83ececf",
        "type": "github"
      },
      "original": {
        "owner": "notashelf",
        "repo": "tailray",
        "type": "github"
      }
    },
    "tuigreet": {
      "inputs": {
        "nixpkgs": [
          "nixpkgs"
        ]
      },
      "locked": {
        "lastModified": 1771455425,
        "narHash": "sha256-vaiq9NaaXM4oNIXxcff3EXp3T2Mu3OLxFyFK+el4BZs=",
        "owner": "notashelf",
        "repo": "tuigreet",
        "rev": "b05e1c335cc79881b3c4822f8c8192c38efb2d80",
        "type": "github"
      },
      "original": {
        "owner": "notashelf",
        "repo": "tuigreet",
        "type": "github"
      }
    },
    "watt": {
      "inputs": {
        "nixpkgs": [
          "nixpkgs"
        ]
      },
      "locked": {
        "lastModified": 1771230567,
        "narHash": "sha256-KkjlOIxCzxoxi28louRYstaRlppHwM+t4tVPYzzhKOs=",
        "owner": "NotAShelf",
        "repo": "watt",
        "rev": "95749b5d508583562da74f83fb51a1506c9f96fe",
        "type": "github"
      },
      "original": {
        "owner": "NotAShelf",
        "repo": "watt",
        "type": "github"
      }
    },
    "wiremix": {
      "inputs": {
        "nixpkgs": [
          "nixpkgs"
        ],
        "systems": "systems"
      },
      "locked": {
        "lastModified": 1772161432,
        "narHash": "sha256-w8djKidGwvZHrrYzEFSZUJgwYaqyIMMMmDi99CHuqFM=",
        "owner": "tsowell",
        "repo": "wiremix",
        "rev": "60dc9bde008ce61ade763a1060c1a64686e058b1",
        "type": "github"
      },
      "original": {
        "owner": "tsowell",
        "repo": "wiremix",
        "type": "github"
      }
    }
  },
  "root": "root",
  "version": 7
}
