{
  "nodes": {
    "crane": {
      "locked": {
        "lastModified": 1766194365,
        "narHash": "sha256-4AFsUZ0kl6MXSm4BaQgItD0VGlEKR3iq7gIaL7TjBvc=",
        "owner": "ipetkov",
        "repo": "crane",
        "rev": "7d8ec2c71771937ab99790b45e6d9b93d15d9379",
        "type": "github"
      },
      "original": {
        "owner": "ipetkov",
        "repo": "crane",
        "type": "github"
      }
    },
    "flake-compat": {
      "flake": false,
      "locked": {
        "lastModified": 1767039857,
        "narHash": "sha256-vNpUSpF5Nuw8xvDLj2KCwwksIbjua2LZCqhV1LNRDns=",
        "owner": "edolstra",
        "repo": "flake-compat",
        "rev": "5edf11c44bc78a0d334f6334cdaf7d60d732daab",
        "type": "github"
      },
      "original": {
        "owner": "edolstra",
        "repo": "flake-compat",
        "type": "github"
      }
    },
    "flake-parts": {
      "inputs": {
        "nixpkgs-lib": [
          "nixpkgs"
        ]
      },
      "locked": {
        "lastModified": 1772408722,
        "narHash": "sha256-rHuJtdcOjK7rAHpHphUb1iCvgkU3GpfvicLMwwnfMT0=",
        "owner": "hercules-ci",
        "repo": "flake-parts",
        "rev": "f20dc5d9b8027381c474144ecabc9034d6a839a3",
        "type": "github"
      },
      "original": {
        "owner": "hercules-ci",
        "repo": "flake-parts",
        "type": "github"
      }
    },
    "flint": {
      "inputs": {
        "nixpkgs": [
          "nixpkgs"
        ]
      },
      "locked": {
        "lastModified": 1767431140,
        "narHash": "sha256-ug37Jt6r8LP3161suTh6IW+fkx0a7kiSAhAPsVcPrkA=",
        "owner": "NotAShelf",
        "repo": "flint",
        "rev": "7832a5b5f5ef1243818f8f5e357ad1ee2d35d2b7",
        "type": "github"
      },
      "original": {
        "owner": "NotAShelf",
        "repo": "flint",
        "type": "github"
      }
    },
    "gcolor": {
      "inputs": {
        "nixpkgs": [
          "nixpkgs"
        ]
      },
      "locked": {
        "lastModified": 1749637800,
        "narHash": "sha256-koUXYszSG4TO3PJuksq24KVGsRIVqyyF5ntI8r32GPc=",
        "owner": "notashelf",
        "repo": "gcolor",
        "rev": "d2ece237b413ce1b75327c49b05ffaf435709468",
        "type": "github"
      },
      "original": {
        "owner": "notashelf",
        "repo": "gcolor",
        "type": "github"
      }
    },
    "gh-notify": {
      "inputs": {
        "nixpkgs": [
          "nixpkgs"
        ]
      },
      "locked": {
        "lastModified": 1755463281,
        "narHash": "sha256-tvj6khuvSbyn0U0uhaVts7NdOxCykj8B1xeh3C121DE=",
        "owner": "notashelf",
        "repo": "gh-notify",
        "rev": "e10e2e732d00dc9ceab9b82c4f592275e5c280e8",
        "type": "github"
      },
      "original": {
        "owner": "notashelf",
        "repo": "gh-notify",
        "type": "github"
      }
    },
    "inquisitor": {
      "inputs": {
        "nixpkgs": [
          "nixpkgs"
        ]
      },
      "locked": {
        "lastModified": 1749631407,
        "narHash": "sha256-GscgJygL3szqlYMXc0Ntsr1vbT8KndIl1b7Aj2PgkFE=",
        "owner": "NotAShelf",
        "repo": "inquisitor",
        "rev": "d277e693c8b320458843918de9b9322186579842",
        "type": "github"
      },
      "original": {
        "owner": "NotAShelf",
        "repo": "inquisitor",
        "type": "github"
      }
    },
    "licenseit": {
      "inputs": {
        "nixpkgs": [
          "nixpkgs"
        ]
      },
      "locked": {
        "lastModified": 1756641619,
        "narHash": "sha256-d5mxXLoAL3O6v+23cdGcfq3eQJJ7b2PWPiBHBtARsL0=",
        "owner": "notashelf",
        "repo": "licenseit",
        "rev": "31275f90e06bf586baba74613d2e636d6cb15102",
        "type": "github"
      },
      "original": {
        "owner": "notashelf",
        "repo": "licenseit",
        "type": "github"
      }
    },
    "microfetch": {
      "inputs": {
        "nixpkgs": [
          "nixpkgs"
        ]
      },
      "locked": {
        "lastModified": 1773056306,
        "narHash": "sha256-Edy1YCLVjZx0CDPgnXZkiLWCABZaAV9sK+pAAThJ2Bk=",
        "owner": "notashelf",
        "repo": "microfetch",
        "rev": "18a530cf64b88cee60f3954a6dd142d6ad071cac",
        "type": "github"
      },
      "original": {
        "owner": "notashelf",
        "repo": "microfetch",
        "type": "github"
      }
    },
    "mrc": {
      "inputs": {
        "nixpkgs": [
          "nixpkgs"
        ]
      },
      "locked": {
        "lastModified": 1759480118,
        "narHash": "sha256-2KRgMilX1NuXbETWbZmGgk2i3ZGzC/D8dwh9Qr+hFJQ=",
        "owner": "notashelf",
        "repo": "mrc",
        "rev": "a3465cefd27e517e68add5700543b4b0d1402a2a",
        "type": "github"
      },
      "original": {
        "owner": "notashelf",
        "repo": "mrc",
        "type": "github"
      }
    },
    "ndg": {
      "inputs": {
        "nixpkgs": [
          "nixpkgs"
        ]
      },
      "locked": {
        "lastModified": 1773478949,
        "narHash": "sha256-8rMpSs2OWGaDlDFO5FS6Pf9WutHBXxM2omPr6hfKydI=",
        "owner": "feel-co",
        "repo": "ndg",
        "rev": "c3bc1541668e6f6632a7005c7e4963c0a5dedc7b",
        "type": "github"
      },
      "original": {
        "owner": "feel-co",
        "repo": "ndg",
        "type": "github"
      }
    },
    "nh": {
      "inputs": {
        "nixpkgs": [
          "nixpkgs"
        ]
      },
      "locked": {
        "lastModified": 1773423094,
        "narHash": "sha256-05XPekfwJf0+8IBONWU6Tc+8H5C3ZijGu2zE0XGHs8k=",
        "owner": "nix-community",
        "repo": "nh",
        "rev": "40e6dcf7c1fc150f434ec6cd0a573650f64f2171",
        "type": "github"
      },
      "original": {
        "owner": "nix-community",
        "repo": "nh",
        "type": "github"
      }
    },
    "nil": {
      "inputs": {
        "nixpkgs": [
          "nixpkgs"
        ]
      },
      "locked": {
        "lastModified": 1765326831,
        "narHash": "sha256-18j8X2Nbe0Wg1+7YrWRlYzmjZ5Wq0NCVwJHJlBIw/dc=",
        "owner": "oxalica",
        "repo": "nil",
        "rev": "504599f7e555a249d6754698473124018b80d121",
        "type": "github"
      },
      "original": {
        "owner": "oxalica",
        "repo": "nil",
        "type": "github"
      }
    },
    "nixpkgs": {
      "locked": {
        "lastModified": 1773389992,
        "narHash": "sha256-wvfdLLWJ2I9oEpDd9PfMA8osfIZicoQ5MT1jIwNs9Tk=",
        "owner": "NixOS",
        "repo": "nixpkgs",
        "rev": "c06b4ae3d6599a672a6210b7021d699c351eebda",
        "type": "github"
      },
      "original": {
        "owner": "NixOS",
        "ref": "nixos-unstable",
        "repo": "nixpkgs",
        "type": "github"
      }
    },
    "root": {
      "inputs": {
        "flake-compat": "flake-compat",
        "flake-parts": "flake-parts",
        "flint": "flint",
        "gcolor": "gcolor",
        "gh-notify": "gh-notify",
        "inquisitor": "inquisitor",
        "licenseit": "licenseit",
        "microfetch": "microfetch",
        "mrc": "mrc",
        "ndg": "ndg",
        "nh": "nh",
        "nil": "nil",
        "nixpkgs": "nixpkgs",
        "slight": "slight",
        "stash": "stash",
        "tailray": "tailray",
        "tuigreet": "tuigreet",
        "watt": "watt",
        "wiremix": "wiremix"
      }
    },
    "slight": {
      "inputs": {
        "nixpkgs": [
          "nixpkgs"
        ]
      },
      "locked": {
        "lastModified": 1761369378,
        "narHash": "sha256-I+TqszFb2quYb1p5Vv19HmqUmye/gMQzBS6igmUvvpE=",
        "owner": "notashelf",
        "repo": "slight",
        "rev": "2b29d7c3a78be9086928dc24e64ab385275f968b",
        "type": "github"
      },
      "original": {
        "owner": "notashelf",
        "repo": "slight",
        "type": "github"
      }
    },
    "stash": {
      "inputs": {
        "crane": "crane",
        "nixpkgs": [
          "nixpkgs"
        ]
      },
      "locked": {
        "lastModified": 1773075307,
        "narHash": "sha256-XA81ulyWl7ZWSiC/vAmVtKIe72aepEoqfVvxtqPj5dY=",
        "owner": "notashelf",
        "repo": "stash",
        "rev": "208359dc0c0b97b25adfbaa8a33c0b54fda9d8d3",
        "type": "github"
      },
      "original": {
        "owner": "notashelf",
        "repo": "stash",
        "type": "github"
      }
    },
    "systems": {
      "locked": {
        "lastModified": 1689347949,
        "narHash": "sha256-12tWmuL2zgBgZkdoB6qXZsgJEH9LR3oUgpaQq2RbI80=",
        "owner": "nix-systems",
        "repo": "default-linux",
        "rev": "31732fcf5e8fea42e59c2488ad31a0e651500f68",
        "type": "github"
      },
      "original": {
        "owner": "nix-systems",
        "repo": "default-linux",
        "type": "github"
      }
    },
    "tailray": {
      "inputs": {
        "nixpkgs": [
          "nixpkgs"
        ]
      },
      "locked": {
        "lastModified": 1772897782,
        "narHash": "sha256-u02NOF0wsJzkT3E5yEc4MXw7R4LVzMPTV9tF3n9VAH4=",
        "owner": "notashelf",
        "repo": "tailray",
        "rev": "1720e0ab21f7739e0f994728a93623123ea1318e",
        "type": "github"
      },
      "original": {
        "owner": "notashelf",
        "repo": "tailray",
        "type": "github"
      }
    },
    "tuigreet": {
      "inputs": {
        "nixpkgs": [
          "nixpkgs"
        ]
      },
      "locked": {
        "lastModified": 1773521003,
        "narHash": "sha256-x9CcJXH3D1ACebxNSAeNqI0F5gnFl+PrfKdCpjCxyV8=",
        "owner": "notashelf",
        "repo": "tuigreet",
        "rev": "f215b7b15d6ebac8565627545e37616e6f90c4f7",
        "type": "github"
      },
      "original": {
        "owner": "notashelf",
        "repo": "tuigreet",
        "type": "github"
      }
    },
    "watt": {
      "inputs": {
        "nixpkgs": [
          "nixpkgs"
        ]
      },
      "locked": {
        "lastModified": 1773431278,
        "narHash": "sha256-a/XTJdlfRvQD+X4vWL4A6k2el3+WpVY6EZQVbmaGKqM=",
        "owner": "NotAShelf",
        "repo": "watt",
        "rev": "3e6786e855104c33e6b74176549d80f43416f682",
        "type": "github"
      },
      "original": {
        "owner": "NotAShelf",
        "repo": "watt",
        "type": "github"
      }
    },
    "wiremix": {
      "inputs": {
        "nixpkgs": [
          "nixpkgs"
        ],
        "systems": "systems"
      },
      "locked": {
        "lastModified": 1772768737,
        "narHash": "sha256-4vayIdDHU/hn/fH4oMOun7hGBgjv1AaQVg+yhUZlKj8=",
        "owner": "tsowell",
        "repo": "wiremix",
        "rev": "97b7ed155440d1680f0c0d4c83e0fa178a2a9ec7",
        "type": "github"
      },
      "original": {
        "owner": "tsowell",
        "repo": "wiremix",
        "type": "github"
      }
    }
  },
  "root": "root",
  "version": 7
}
